
Microsoft Visual Studio Solution File, Format Version 12.00
# Visual Studio 14
VisualStudioVersion = 14.0.23107.0
MinimumVisualStudioVersion = 10.0.40219.1
Project("{FAE04EC0-301F-11D3-BF4B-00C04F79EFBC}") = "SelectorsLayouts.Pair", "SelectorsLayouts.Pair\SelectorsLayouts.Pair.csproj", "{50B20BE6-8078-40C0-8E69-3B14CEEEDEAE}"
EndProject
Global
	GlobalSection(SolutionConfigurationPlatforms) = preSolution
		Debug|Any CPU = Debug|Any CPU
		Release|Any CPU = Release|Any CPU
	EndGlobalSection
	GlobalSection(ProjectConfigurationPlatforms) = postSolution
		{50B20BE6-8078-40C0-8E69-3B14CEEEDEAE}.Debug|Any CPU.ActiveCfg = Debug|Any CPU
		{50B20BE6-8078-40C0-8E69-3B14CEEEDEAE}.Debug|Any CPU.Build.0 = Debug|Any CPU
		{50B20BE6-8078-40C0-8E69-3B14CEEEDEAE}.Release|Any CPU.ActiveCfg = Release|Any CPU
		{50B20BE6-8078-40C0-8E69-3B14CEEEDEAE}.Release|Any CPU.Build.0 = Release|Any CPU
	EndGlobalSection
	GlobalSection(SolutionProperties) = preSolution
		HideSolutionNode = FALSE
	EndGlobalSection
EndGlobal
